
Microsoft Visual Studio Solution File, Format Version 12.00
# Visual Studio 15
VisualStudioVersion = 15.0.27130.2026
MinimumVisualStudioVersion = 10.0.40219.1
Project("{FAE04EC0-301F-11D3-BF4B-00C04F79EFBC}") = "GroceryApp", "GroceryApp\GroceryApp.csproj", "{755E377B-2489-4A6B-830D-5DF707C1D04D}"
EndProject
Global
	GlobalSection(SolutionConfigurationPlatforms) = preSolution
		Debug|Any CPU = Debug|Any CPU
		Release|Any CPU = Release|Any CPU
	EndGlobalSection
	GlobalSection(ProjectConfigurationPlatforms) = postSolution
		{755E377B-2489-4A6B-830D-5DF707C1D04D}.Debug|Any CPU.ActiveCfg = Debug|Any CPU
		{755E377B-2489-4A6B-830D-5DF707C1D04D}.Debug|Any CPU.Build.0 = Debug|Any CPU
		{755E377B-2489-4A6B-830D-5DF707C1D04D}.Release|Any CPU.ActiveCfg = Release|Any CPU
		{755E377B-2489-4A6B-830D-5DF707C1D04D}.Release|Any CPU.Build.0 = Release|Any CPU
	EndGlobalSection
	GlobalSection(SolutionProperties) = preSolution
		HideSolutionNode = FALSE
	EndGlobalSection
	GlobalSection(ExtensibilityGlobals) = postSolution
		SolutionGuid = {E12A3DAD-133C-4B9A-A1F6-61E985A5F68E}
	EndGlobalSection
EndGlobal
